# This file is automatically @generated by Cargo.
# It is not intended for manual editing.
version = 3

[[package]]
name = "aho-corasick"
version = "0.7.20"
source = "registry+https://github.com/rust-lang/crates.io-index"
checksum = "cc936419f96fa211c1b9166887b38e5e40b19958e5b895be7c1f93adec7071ac"
dependencies = [
 "memchr 2.5.0",
]

[[package]]
name = "anstream"
version = "0.2.6"
source = "registry+https://github.com/rust-lang/crates.io-index"
checksum = "342258dd14006105c2b75ab1bd7543a03bdf0cfc94383303ac212a04939dff6f"
dependencies = [
 "anstyle",
 "anstyle-parse",
 "anstyle-wincon",
 "concolor-override",
 "concolor-query",
 "is-terminal",
 "utf8parse",
]

[[package]]
name = "anstyle"
version = "0.3.5"
source = "registry+https://github.com/rust-lang/crates.io-index"
checksum = "23ea9e81bd02e310c216d080f6223c179012256e5151c41db88d12c88a1684d2"

[[package]]
name = "anstyle-parse"
version = "0.1.1"
source = "registry+https://github.com/rust-lang/crates.io-index"
checksum = "a7d1bb534e9efed14f3e5f44e7dd1a4f709384023a4165199a4241e18dff0116"
dependencies = [
 "utf8parse",
]

[[package]]
name = "anstyle-wincon"
version = "0.2.0"
source = "registry+https://github.com/rust-lang/crates.io-index"
checksum = "c3127af6145b149f3287bb9a0d10ad9c5692dba8c53ad48285e5bec4063834fa"
dependencies = [
 "anstyle",
 "windows-sys 0.45.0",
]

[[package]]
name = "anyhow"
version = "1.0.70"
source = "registry+https://github.com/rust-lang/crates.io-index"
checksum = "7de8ce5e0f9f8d88245311066a578d72b7af3e7088f32783804676302df237e4"

[[package]]
name = "array-init"
version = "0.0.4"
source = "registry+https://github.com/rust-lang/crates.io-index"
checksum = "23589ecb866b460d3a0f1278834750268c607e8e28a1b982c907219f3178cd72"
dependencies = [
 "nodrop",
]

[[package]]
name = "atty"
version = "0.2.14"
source = "registry+https://github.com/rust-lang/crates.io-index"
checksum = "d9b39be18770d11421cdb1b9947a45dd3f37e93092cbf377614828a319d5fee8"
dependencies = [
 "hermit-abi 0.1.19",
 "libc",
 "winapi",
]

[[package]]
name = "autocfg"
version = "1.1.0"
source = "registry+https://github.com/rust-lang/crates.io-index"
checksum = "d468802bab17cbc0cc575e9b053f41e72aa36bfa6b7f55e3529ffa43161b97fa"

[[package]]
name = "base64"
version = "0.13.1"
source = "registry+https://github.com/rust-lang/crates.io-index"
checksum = "9e1b586273c5702936fe7b7d6896644d8be71e6314cfe09d3167c95f712589e8"

[[package]]
name = "bitflags"
version = "1.3.2"
source = "registry+https://github.com/rust-lang/crates.io-index"
checksum = "bef38d45163c2f1dde094a7dfd33ccf595c92905c8f8f4fdc18d06fb1037718a"

[[package]]
name = "byteorder"
version = "1.4.3"
source = "registry+https://github.com/rust-lang/crates.io-index"
checksum = "14c189c53d098945499cdfa7ecc63567cf3886b3332b312a5b4585d8d3a6a610"

[[package]]
name = "bytes"
version = "1.4.0"
source = "registry+https://github.com/rust-lang/crates.io-index"
checksum = "89b2fd2a0dcf38d7971e2194b6b6eebab45ae01067456a7fd93d5547a61b70be"

[[package]]
name = "cc"
version = "1.0.79"
source = "registry+https://github.com/rust-lang/crates.io-index"
checksum = "50d30906286121d95be3d479533b458f87493b30a4b5f79a607db8f5d11aa91f"

[[package]]
name = "cfg-if"
version = "1.0.0"
source = "registry+https://github.com/rust-lang/crates.io-index"
checksum = "baf1de4339761588bc0619e3cbc0120ee582ebb74b53b4efbf79117bd2da40fd"

[[package]]
name = "clap"
version = "4.2.1"
source = "registry+https://github.com/rust-lang/crates.io-index"
checksum = "046ae530c528f252094e4a77886ee1374437744b2bff1497aa898bbddbbb29b3"
dependencies = [
 "clap_builder",
]

[[package]]
name = "clap_builder"
version = "4.2.1"
source = "registry+https://github.com/rust-lang/crates.io-index"
checksum = "223163f58c9a40c3b0a43e1c4b50a9ce09f007ea2cb1ec258a687945b4b7929f"
dependencies = [
 "anstream",
 "anstyle",
 "bitflags",
 "clap_lex",
 "strsim",
]

[[package]]
name = "clap_lex"
version = "0.4.1"
source = "registry+https://github.com/rust-lang/crates.io-index"
checksum = "8a2dd5a6fe8c6e3502f568a6353e5273bbb15193ad9a89e457b9970798efbea1"

[[package]]
name = "concolor-override"
version = "1.0.0"
source = "registry+https://github.com/rust-lang/crates.io-index"
checksum = "a855d4a1978dc52fb0536a04d384c2c0c1aa273597f08b77c8c4d3b2eec6037f"

[[package]]
name = "concolor-query"
version = "0.3.3"
source = "registry+https://github.com/rust-lang/crates.io-index"
checksum = "88d11d52c3d7ca2e6d0040212be9e4dbbcd78b6447f535b6b561f449427944cf"
dependencies = [
 "windows-sys 0.45.0",
]

[[package]]
name = "core-foundation"
version = "0.9.3"
source = "registry+https://github.com/rust-lang/crates.io-index"
checksum = "194a7a9e6de53fa55116934067c844d9d749312f75c6f6d0980e8c252f8c2146"
dependencies = [
 "core-foundation-sys 0.8.4",
 "libc",
]

[[package]]
name = "core-foundation-sys"
version = "0.6.2"
source = "registry+https://github.com/rust-lang/crates.io-index"
checksum = "e7ca8a5221364ef15ce201e8ed2f609fc312682a8f4e0e3d4aa5879764e0fa3b"

[[package]]
name = "core-foundation-sys"
version = "0.8.4"
source = "registry+https://github.com/rust-lang/crates.io-index"
checksum = "e496a50fda8aacccc86d7529e2c1e0892dbd0f898a6b5645b5561b89c3210efa"

[[package]]
name = "core-graphics"
version = "0.22.3"
source = "registry+https://github.com/rust-lang/crates.io-index"
checksum = "2581bbab3b8ffc6fcbd550bf46c355135d16e9ff2a6ea032ad6b9bf1d7efe4fb"
dependencies = [
 "bitflags",
 "core-foundation",
 "core-graphics-types",
 "foreign-types",
 "libc",
]

[[package]]
name = "core-graphics-types"
version = "0.1.1"
source = "registry+https://github.com/rust-lang/crates.io-index"
checksum = "3a68b68b3446082644c91ac778bf50cd4104bfb002b5a6a7c44cca5a2c70788b"
dependencies = [
 "bitflags",
 "core-foundation",
 "foreign-types",
 "libc",
]

[[package]]
name = "csv"
version = "1.2.1"
source = "registry+https://github.com/rust-lang/crates.io-index"
checksum = "0b015497079b9a9d69c02ad25de6c0a6edef051ea6360a327d0bd05802ef64ad"
dependencies = [
 "csv-core",
 "itoa",
 "ryu",
 "serde",
]

[[package]]
name = "csv-core"
version = "0.1.10"
source = "registry+https://github.com/rust-lang/crates.io-index"
checksum = "2b2466559f260f48ad25fe6317b3c8dac77b5bdb5763ac7d9d6103530663bc90"
dependencies = [
 "memchr 2.5.0",
]

[[package]]
name = "ctrlc"
version = "3.2.5"
source = "registry+https://github.com/rust-lang/crates.io-index"
checksum = "bbcf33c2a618cbe41ee43ae6e9f2e48368cd9f9db2896f10167d8d762679f639"
dependencies = [
 "nix",
 "windows-sys 0.45.0",
]

[[package]]
name = "ddc"
version = "0.2.2"
source = "registry+https://github.com/rust-lang/crates.io-index"
checksum = "ba69f2c53e320fc4abad17cb02bbbf04d1a36f18e9907f347589ec5991b3c6c5"
dependencies = [
 "mccs",
]

[[package]]
name = "ddc-hi"
version = "0.4.1"
source = "registry+https://github.com/rust-lang/crates.io-index"
checksum = "9c6747b17c926a2aa34739b30f1a6cc726e3a7baf0e2f69a4c03a95cf5de94de"
dependencies = [
 "anyhow",
 "ddc",
 "ddc-i2c",
 "ddc-macos",
 "ddc-winapi",
 "edid",
 "log",
 "mccs",
 "mccs-caps",
 "mccs-db",
 "nvapi",
]

[[package]]
name = "ddc-i2c"
version = "0.2.2"
source = "registry+https://github.com/rust-lang/crates.io-index"
checksum = "1ef18fac9fd5c11d0c7b85a80887b01f7361b49edb2b4627243928b90ce2691b"
dependencies = [
 "ddc",
 "i2c",
 "i2c-linux",
 "resize-slice",
]

[[package]]
name = "ddc-macos"
version = "0.2.0"
source = "registry+https://github.com/rust-lang/crates.io-index"
checksum = "5cbaf316c113cfc30da8856c8104dfb4168b73fdd78562d1542e358fe8299dea"
dependencies = [
 "core-foundation",
 "core-foundation-sys 0.8.4",
 "core-graphics",
 "ddc",
 "io-kit-sys",
 "mach 0.3.2",
 "thiserror",
]

[[package]]
name = "ddc-winapi"
version = "0.2.1"
source = "registry+https://github.com/rust-lang/crates.io-index"
checksum = "015df0d6d814ea948e012977760324da6d103ec8d67c971c75a6daa3b4fc943f"
dependencies = [
 "ddc",
 "widestring",
 "winapi",
]

[[package]]
name = "ddcutil"
version = "0.0.3"
source = "registry+https://github.com/rust-lang/crates.io-index"
checksum = "f56f9105004e28752513ddef60b6cd504ff53470256ff92afd844fe0f2dad67f"
dependencies = [
 "bitflags",
 "ddcutil-sys",
 "libc",
]

[[package]]
name = "ddcutil-sys"
version = "0.0.3"
source = "registry+https://github.com/rust-lang/crates.io-index"
checksum = "a7db52aecda31515de92a18f6069900695509c5aae3d0d58ceed5397f38098e6"
dependencies = [
 "libc",
]

[[package]]
name = "dtoa"
version = "0.4.8"
source = "registry+https://github.com/rust-lang/crates.io-index"
checksum = "56899898ce76aaf4a0f24d914c97ea6ed976d42fec6ad33fcbb0a1103e07b2b0"

[[package]]
name = "edid"
version = "0.3.0"
source = "registry+https://github.com/rust-lang/crates.io-index"
checksum = "24ce75530893d834dcfe3bb67ce0e7dec489484e7cb4423ca31618af4bab24fe"
dependencies = [
 "nom",
]

[[package]]
name = "enumflags2"
version = "0.6.4"
source = "registry+https://github.com/rust-lang/crates.io-index"
checksum = "83c8d82922337cd23a15f88b70d8e4ef5f11da38dd7cdb55e84dd5de99695da0"
dependencies = [
 "enumflags2_derive",
]

[[package]]
name = "enumflags2_derive"
version = "0.6.4"
source = "registry+https://github.com/rust-lang/crates.io-index"
checksum = "946ee94e3dbf58fdd324f9ce245c7b238d46a66f00e86a020b71996349e46cce"
dependencies = [
 "proc-macro2",
 "quote",
 "syn 1.0.109",
]

[[package]]
name = "env_logger"
version = "0.9.3"
source = "registry+https://github.com/rust-lang/crates.io-index"
checksum = "a12e6657c4c97ebab115a42dcee77225f7f482cdd841cf7088c657a42e9e00e7"
dependencies = [
 "atty",
 "humantime",
 "log",
 "regex",
 "termcolor",
]

[[package]]
name = "errno"
version = "0.3.0"
source = "registry+https://github.com/rust-lang/crates.io-index"
checksum = "50d6a0976c999d473fe89ad888d5a284e55366d9dc9038b1ba2aa15128c4afa0"
dependencies = [
 "errno-dragonfly",
 "libc",
 "windows-sys 0.45.0",
]

[[package]]
name = "errno-dragonfly"
version = "0.1.2"
source = "registry+https://github.com/rust-lang/crates.io-index"
checksum = "aa68f1b12764fab894d2755d2518754e71b4fd80ecfb822714a1206c2aab39bf"
dependencies = [
 "cc",
 "libc",
]

[[package]]
name = "foreign-types"
version = "0.3.2"
source = "registry+https://github.com/rust-lang/crates.io-index"
checksum = "f6f339eb8adc052cd2ca78910fda869aefa38d22d5cb648e6485e4d3fc06f3b1"
dependencies = [
 "foreign-types-shared",
]

[[package]]
name = "foreign-types-shared"
version = "0.1.1"
source = "registry+https://github.com/rust-lang/crates.io-index"
checksum = "00b0228411908ca8685dba7fc2cdd70ec9990a6e753e89b6ac91a84c40fbaf4b"

[[package]]
name = "futures"
version = "0.3.28"
source = "registry+https://github.com/rust-lang/crates.io-index"
checksum = "23342abe12aba583913b2e62f22225ff9c950774065e4bfb61a19cd9770fec40"
dependencies = [
 "futures-channel",
 "futures-core",
 "futures-executor",
 "futures-io",
 "futures-sink",
 "futures-task",
 "futures-util",
]

[[package]]
name = "futures-channel"
version = "0.3.28"
source = "registry+https://github.com/rust-lang/crates.io-index"
checksum = "955518d47e09b25bbebc7a18df10b81f0c766eaf4c4f1cccef2fca5f2a4fb5f2"
dependencies = [
 "futures-core",
 "futures-sink",
]

[[package]]
name = "futures-core"
version = "0.3.28"
source = "registry+https://github.com/rust-lang/crates.io-index"
checksum = "4bca583b7e26f571124fe5b7561d49cb2868d79116cfa0eefce955557c6fee8c"

[[package]]
name = "futures-executor"
version = "0.3.28"
source = "registry+https://github.com/rust-lang/crates.io-index"
checksum = "ccecee823288125bd88b4d7f565c9e58e41858e47ab72e8ea2d64e93624386e0"
dependencies = [
 "futures-core",
 "futures-task",
 "futures-util",
 "num_cpus",
]

[[package]]
name = "futures-io"
version = "0.3.28"
source = "registry+https://github.com/rust-lang/crates.io-index"
checksum = "4fff74096e71ed47f8e023204cfd0aa1289cd54ae5430a9523be060cdb849964"

[[package]]
name = "futures-macro"
version = "0.3.28"
source = "registry+https://github.com/rust-lang/crates.io-index"
checksum = "89ca545a94061b6365f2c7355b4b32bd20df3ff95f02da9329b34ccc3bd6ee72"
dependencies = [
 "proc-macro2",
 "quote",
 "syn 2.0.13",
]

[[package]]
name = "futures-sink"
version = "0.3.28"
source = "registry+https://github.com/rust-lang/crates.io-index"
checksum = "f43be4fe21a13b9781a69afa4985b0f6ee0e1afab2c6f454a8cf30e2b2237b6e"

[[package]]
name = "futures-task"
version = "0.3.28"
source = "registry+https://github.com/rust-lang/crates.io-index"
checksum = "76d3d132be6c0e6aa1534069c705a74a5997a356c0dc2f86a47765e5617c5b65"

[[package]]
name = "futures-util"
version = "0.3.28"
source = "registry+https://github.com/rust-lang/crates.io-index"
checksum = "26b01e40b772d54cf6c6d721c1d1abd0647a0106a12ecaa1c186273392a69533"
dependencies = [
 "futures-channel",
 "futures-core",
 "futures-io",
 "futures-macro",
 "futures-sink",
 "futures-task",
 "memchr 2.5.0",
 "pin-project-lite",
 "pin-utils",
 "slab",
]

[[package]]
name = "hashbrown"
version = "0.12.3"
source = "registry+https://github.com/rust-lang/crates.io-index"
checksum = "8a9ee70c43aaf417c914396645a0fa852624801b24ebb7ae78fe8272889ac888"

[[package]]
name = "hermit-abi"
version = "0.1.19"
source = "registry+https://github.com/rust-lang/crates.io-index"
checksum = "62b467343b94ba476dcb2500d242dadbb39557df889310ac77c5d99100aaac33"
dependencies = [
 "libc",
]

[[package]]
name = "hermit-abi"
version = "0.2.6"
source = "registry+https://github.com/rust-lang/crates.io-index"
checksum = "ee512640fe35acbfb4bb779db6f0d80704c2cacfa2e39b601ef3e3f47d1ae4c7"
dependencies = [
 "libc",
]

[[package]]
name = "hermit-abi"
version = "0.3.1"
source = "registry+https://github.com/rust-lang/crates.io-index"
checksum = "fed44880c466736ef9a5c5b5facefb5ed0785676d0c02d612db14e54f0d84286"

[[package]]
name = "humantime"
version = "2.1.0"
source = "registry+https://github.com/rust-lang/crates.io-index"
checksum = "9a3a5bfb195931eeb336b2a7b4d761daec841b97f947d34394601737a7bba5e4"

[[package]]
name = "humantime-serde"
version = "1.1.1"
source = "registry+https://github.com/rust-lang/crates.io-index"
checksum = "57a3db5ea5923d99402c94e9feb261dc5ee9b4efa158b0315f788cf549cc200c"
dependencies = [
 "humantime",
 "serde",
]

[[package]]
name = "i2c"
version = "0.1.0"
source = "registry+https://github.com/rust-lang/crates.io-index"
checksum = "60c7b7bdd7b3a985fdcf94a0d7d98e7a47fde8b7f22fb55ce1a91cc104a2ce9a"
dependencies = [
 "bitflags",
]

[[package]]
name = "i2c-linux"
version = "0.1.2"
source = "registry+https://github.com/rust-lang/crates.io-index"
checksum = "c0268a871aaa071221d6c2875ebedcf64710e59b0d87c68c8faf5e98b87dd2a4"
dependencies = [
 "bitflags",
 "i2c",
 "i2c-linux-sys",
 "resize-slice",
 "udev",
]

[[package]]
name = "i2c-linux-sys"
version = "0.2.1"
source = "registry+https://github.com/rust-lang/crates.io-index"
checksum = "55cd060ed0016621d3da4ed3a23b0158084de90d1f3a8e59f3d391aacd3bbcf8"
dependencies = [
 "bitflags",
 "byteorder",
 "libc",
]

[[package]]
name = "indexmap"
version = "1.9.3"
source = "registry+https://github.com/rust-lang/crates.io-index"
checksum = "bd070e393353796e801d209ad339e89596eb4c8d430d18ede6a1cced8fafbd99"
dependencies = [
 "autocfg",
 "hashbrown",
]

[[package]]
name = "input-linux"
version = "0.6.0"
source = "registry+https://github.com/rust-lang/crates.io-index"
checksum = "6f403224ea808abe6182696e3a36d9875c0e942ba7c99239f9ef545b96e35606"
dependencies = [
 "bytes",
 "input-linux-sys",
 "nix",
 "serde",
 "tokio-util",
]

[[package]]
name = "input-linux-sys"
version = "0.8.0"
source = "registry+https://github.com/rust-lang/crates.io-index"
checksum = "1a687a25a4973027df9153753a5589f97fe1e958f694a34eea5606ae65299ab8"
dependencies = [
 "libc",
 "nix",
]

[[package]]
name = "io-kit-sys"
version = "0.1.0"
source = "registry+https://github.com/rust-lang/crates.io-index"
checksum = "f21dcc74995dd4cd090b147e79789f8d65959cbfb5f0b118002db869ea3bd0a0"
dependencies = [
 "core-foundation-sys 0.6.2",
 "mach 0.2.3",
]

[[package]]
name = "io-lifetimes"
version = "1.0.10"
source = "registry+https://github.com/rust-lang/crates.io-index"
checksum = "9c66c74d2ae7e79a5a8f7ac924adbe38ee42a859c6539ad869eb51f0b52dc220"
dependencies = [
 "hermit-abi 0.3.1",
 "libc",
 "windows-sys 0.48.0",
]

[[package]]
name = "is-terminal"
version = "0.4.7"
source = "registry+https://github.com/rust-lang/crates.io-index"
checksum = "adcf93614601c8129ddf72e2d5633df827ba6551541c6d8c59520a371475be1f"
dependencies = [
 "hermit-abi 0.3.1",
 "io-lifetimes",
 "rustix",
 "windows-sys 0.48.0",
]

[[package]]
name = "itoa"
version = "1.0.6"
source = "registry+https://github.com/rust-lang/crates.io-index"
checksum = "453ad9f582a441959e5f0d088b02ce04cfe8d51a8eaf077f12ac6d3e94164ca6"

[[package]]
name = "libc"
version = "0.2.141"
source = "registry+https://github.com/rust-lang/crates.io-index"
checksum = "3304a64d199bb964be99741b7a14d26972741915b3649639149b2479bb46f4b5"

[[package]]
name = "libudev-sys"
version = "0.1.4"
source = "registry+https://github.com/rust-lang/crates.io-index"
checksum = "3c8469b4a23b962c1396b9b451dda50ef5b283e8dd309d69033475fa9b334324"
dependencies = [
 "libc",
 "pkg-config",
]

[[package]]
name = "linked-hash-map"
version = "0.5.6"
source = "registry+https://github.com/rust-lang/crates.io-index"
checksum = "0717cef1bc8b636c6e1c1bbdefc09e6322da8a9321966e8928ef80d20f7f770f"

[[package]]
name = "linux-raw-sys"
version = "0.3.1"
source = "registry+https://github.com/rust-lang/crates.io-index"
checksum = "d59d8c75012853d2e872fb56bc8a2e53718e2cafe1a4c823143141c6d90c322f"

[[package]]
name = "log"
version = "0.4.17"
source = "registry+https://github.com/rust-lang/crates.io-index"
checksum = "abb12e687cfb44aa40f41fc3978ef76448f9b6038cad6aef4259d3c095a2382e"
dependencies = [
 "cfg-if",
]

[[package]]
name = "mach"
version = "0.2.3"
source = "registry+https://github.com/rust-lang/crates.io-index"
checksum = "86dd2487cdfea56def77b88438a2c915fb45113c5319bfe7e14306ca4cd0b0e1"
dependencies = [
 "libc",
]

[[package]]
name = "mach"
version = "0.3.2"
source = "registry+https://github.com/rust-lang/crates.io-index"
checksum = "b823e83b2affd8f40a9ee8c29dbc56404c1e34cd2710921f2801e2cf29527afa"
dependencies = [
 "libc",
]

[[package]]
name = "maybe-uninit"
version = "2.0.0"
source = "registry+https://github.com/rust-lang/crates.io-index"
checksum = "60302e4db3a61da70c0cb7991976248362f30319e88850c487b9b95bbf059e00"

[[package]]
name = "mccs"
version = "0.1.3"
source = "registry+https://github.com/rust-lang/crates.io-index"
checksum = "6090d6b3ded42fed158b660a6b9cdaa1924f3eef6c6598e82a9ca9b70a1988cd"
dependencies = [
 "void",
]

[[package]]
name = "mccs-caps"
version = "0.1.3"
source = "registry+https://github.com/rust-lang/crates.io-index"
checksum = "8eb961d01a3bb07969cfa276be2ab88c31d0fefa77a872696832732d6e9ec094"
dependencies = [
 "mccs",
 "nom",
]

[[package]]
name = "mccs-db"
version = "0.1.3"
source = "registry+https://github.com/rust-lang/crates.io-index"
checksum = "3cdaa8fe19a1a1918becc1b8cbbbdc1058bc71411dff4de0a6ec6b5269f49d38"
dependencies = [
 "mccs",
 "nom",
 "serde",
 "serde_derive",
 "serde_yaml 0.7.5",
]

[[package]]
name = "memchr"
version = "1.0.2"
source = "registry+https://github.com/rust-lang/crates.io-index"
checksum = "148fab2e51b4f1cfc66da2a7c32981d1d3c083a803978268bb11fe4b86925e7a"
dependencies = [
 "libc",
]

[[package]]
name = "memchr"
version = "2.5.0"
source = "registry+https://github.com/rust-lang/crates.io-index"
checksum = "2dffe52ecf27772e601905b7522cb4ef790d2cc203488bbd0e2fe85fcb74566d"

[[package]]
name = "memoffset"
version = "0.7.1"
source = "registry+https://github.com/rust-lang/crates.io-index"
checksum = "5de893c32cde5f383baa4c04c5d6dbdd735cfd4a794b0debdb2bb1b421da5ff4"
dependencies = [
 "autocfg",
]

[[package]]
name = "mio"
version = "0.8.6"
source = "registry+https://github.com/rust-lang/crates.io-index"
checksum = "5b9d9a46eff5b4ff64b45a9e316a6d1e0bc719ef429cbec4dc630684212bfdf9"
dependencies = [
 "libc",
 "log",
 "wasi",
 "windows-sys 0.45.0",
]

[[package]]
name = "nix"
version = "0.26.2"
source = "registry+https://github.com/rust-lang/crates.io-index"
checksum = "bfdda3d196821d6af13126e40375cdf7da646a96114af134d5f417a9a1dc8e1a"
dependencies = [
 "bitflags",
 "cfg-if",
 "libc",
 "memoffset",
 "pin-utils",
 "static_assertions",
]

[[package]]
name = "nodrop"
version = "0.1.14"
source = "registry+https://github.com/rust-lang/crates.io-index"
checksum = "72ef4a56884ca558e5ddb05a1d1e7e1bfd9a68d9ed024c21704cc98872dae1bb"

[[package]]
name = "nom"
version = "3.2.1"
source = "registry+https://github.com/rust-lang/crates.io-index"
checksum = "05aec50c70fd288702bcd93284a8444607f3292dbdf2a30de5ea5dcdbe72287b"
dependencies = [
 "memchr 1.0.2",
]

[[package]]
name = "num_cpus"
version = "1.15.0"
source = "registry+https://github.com/rust-lang/crates.io-index"
checksum = "0fac9e2da13b5eb447a6ce3d392f23a29d8694bff781bf03a16cd9ac8697593b"
dependencies = [
 "hermit-abi 0.2.6",
 "libc",
]

[[package]]
name = "nvapi"
version = "0.1.4"
source = "registry+https://github.com/rust-lang/crates.io-index"
checksum = "7c63de8cd8362e2c38d1a48dea6ae68e6293a8d8d22a52180d0f8dcc779b3158"
dependencies = [
 "i2c",
 "log",
 "nvapi-sys",
 "void",
]

[[package]]
name = "nvapi-sys"
version = "0.1.3"
source = "registry+https://github.com/rust-lang/crates.io-index"
checksum = "b29e9a9393c69ee856bfcf5f76ed1ef32d2c0dd6f58558fd43334278fc1e7ea7"
dependencies = [
 "bitflags",
 "winapi",
]

[[package]]
name = "once_cell"
version = "1.17.1"
source = "registry+https://github.com/rust-lang/crates.io-index"
checksum = "b7e5500299e16ebb147ae15a00a942af264cf3688f47923b8fc2cd5858f23ad3"

[[package]]
name = "pin-project-lite"
version = "0.2.9"
source = "registry+https://github.com/rust-lang/crates.io-index"
checksum = "e0a7ae3ac2f1173085d398531c705756c94a4c56843785df85a60c1a0afac116"

[[package]]
name = "pin-utils"
version = "0.1.0"
source = "registry+https://github.com/rust-lang/crates.io-index"
checksum = "8b870d8c151b6f2fb93e84a13146138f05d02ed11c7e7c54f8826aaaf7c9f184"

[[package]]
name = "pkg-config"
version = "0.3.26"
source = "registry+https://github.com/rust-lang/crates.io-index"
checksum = "6ac9a59f73473f1b8d852421e59e64809f025994837ef743615c6d0c5b305160"

[[package]]
name = "proc-macro2"
version = "1.0.56"
source = "registry+https://github.com/rust-lang/crates.io-index"
checksum = "2b63bdb0cd06f1f4dedf69b254734f9b45af66e4a031e42a7480257d9898b435"
dependencies = [
 "unicode-ident",
]

[[package]]
name = "qapi"
version = "0.11.0"
source = "registry+https://github.com/rust-lang/crates.io-index"
checksum = "42d41564a987591d45eff3a08276dfcea872c1bdebda0491238145df90b5f183"
dependencies = [
 "bytes",
 "futures",
 "log",
 "memchr 2.5.0",
 "qapi-qga",
 "qapi-qmp",
 "qapi-spec",
 "serde",
 "serde_json",
 "tokio",
 "tokio-util",
]

[[package]]
name = "qapi-codegen"
version = "0.10.2"
source = "registry+https://github.com/rust-lang/crates.io-index"
checksum = "932be58db53e8133627038345099bf9aab2c27c33a66cf6e2b9769aa5f711e90"
dependencies = [
 "qapi-parser",
]

[[package]]
name = "qapi-parser"
version = "0.9.1"
source = "registry+https://github.com/rust-lang/crates.io-index"
checksum = "af62aa26fc18770a938fe38f661d06daf4e3dae7fc5f466cadcc5d7aebbfb332"
dependencies = [
 "serde",
 "serde_json",
]

[[package]]
name = "qapi-qga"
version = "0.10.1"
source = "registry+https://github.com/rust-lang/crates.io-index"
checksum = "f8862c687580e2f0433d328713b0ede316dd763e0727834ddfa524e4e82d8da9"
dependencies = [
 "qapi-codegen",
 "qapi-spec",
 "serde",
]

[[package]]
name = "qapi-qmp"
version = "0.11.0"
source = "registry+https://github.com/rust-lang/crates.io-index"
checksum = "880760acd8db07239b17051ec801bfb204f81efd269af538aeea242121b244a9"
dependencies = [
 "qapi-codegen",
 "qapi-spec",
 "serde",
]

[[package]]
name = "qapi-spec"
version = "0.3.1"
source = "registry+https://github.com/rust-lang/crates.io-index"
checksum = "b360919a24ea5fc02fa762cb01bd8f43b643fee51c585f763257773b4dc5a9e8"
dependencies = [
 "base64",
 "serde",
 "serde_json",
]

[[package]]
name = "quote"
version = "1.0.26"
source = "registry+https://github.com/rust-lang/crates.io-index"
checksum = "4424af4bf778aae2051a77b60283332f386554255d722233d09fbfc7e30da2fc"
dependencies = [
 "proc-macro2",
]

[[package]]
name = "regex"
version = "1.7.3"
source = "registry+https://github.com/rust-lang/crates.io-index"
checksum = "8b1f693b24f6ac912f4893ef08244d70b6067480d2f1a46e950c9691e6749d1d"
dependencies = [
 "aho-corasick",
 "memchr 2.5.0",
 "regex-syntax",
]

[[package]]
name = "regex-syntax"
version = "0.6.29"
source = "registry+https://github.com/rust-lang/crates.io-index"
checksum = "f162c6dd7b008981e4d40210aca20b4bd0f9b60ca9271061b07f78537722f2e1"

[[package]]
name = "resize-slice"
version = "0.1.3"
source = "registry+https://github.com/rust-lang/crates.io-index"
checksum = "8a3cb2f74a9891e76958b9e0ccd269a25b466c3ae3bb3efd71db157248308c4a"
dependencies = [
 "uninitialized",
]

[[package]]
name = "result"
version = "1.0.0"
source = "registry+https://github.com/rust-lang/crates.io-index"
checksum = "194d8e591e405d1eecf28819740abed6d719d1a2db87fc0bcdedee9a26d55560"

[[package]]
name = "rustix"
version = "0.37.8"
source = "registry+https://github.com/rust-lang/crates.io-index"
checksum = "1aef160324be24d31a62147fae491c14d2204a3865c7ca8c3b0d7f7bcb3ea635"
dependencies = [
 "bitflags",
 "errno",
 "io-lifetimes",
 "libc",
 "linux-raw-sys",
 "windows-sys 0.48.0",
]

[[package]]
name = "ryu"
version = "1.0.13"
source = "registry+https://github.com/rust-lang/crates.io-index"
checksum = "f91339c0467de62360649f8d3e185ca8de4224ff281f66000de5eb2a77a79041"

[[package]]
name = "screenstub"
version = "0.1.0"
dependencies = [
 "anyhow",
 "clap",
 "ctrlc",
 "enumflags2",
 "env_logger",
 "futures",
 "input-linux",
 "log",
 "qapi",
 "result",
 "screenstub-config",
 "screenstub-ddc",
 "screenstub-event",
 "screenstub-qemu",
 "screenstub-uinput",
 "screenstub-x",
 "serde_yaml 0.8.26",
 "tokio",
]

[[package]]
name = "screenstub-config"
version = "0.0.1"
dependencies = [
 "csv",
 "enumflags2",
 "humantime-serde",
 "input-linux",
 "qapi-qmp",
 "qapi-spec",
 "serde",
 "serde-hex",
]

[[package]]
name = "screenstub-ddc"
version = "0.0.1"
dependencies = [
 "anyhow",
 "ddc-hi",
 "ddcutil",
 "mccs",
]

[[package]]
name = "screenstub-event"
version = "0.0.1"
dependencies = [
 "input-linux",
 "log",
 "screenstub-x",
 "smallvec 1.10.0",
]

[[package]]
name = "screenstub-fd"
version = "0.0.1"

[[package]]
name = "screenstub-qemu"
version = "0.0.1"
dependencies = [
 "anyhow",
 "futures",
 "log",
 "qapi",
 "tokio",
]

[[package]]
name = "screenstub-uinput"
version = "0.0.1"
dependencies = [
 "bytes",
 "futures",
 "input-linux",
 "libc",
 "log",
 "screenstub-fd",
 "tokio",
 "tokio-util",
]

[[package]]
name = "screenstub-x"
version = "0.0.1"
dependencies = [
 "anyhow",
 "futures",
 "input-linux",
 "log",
 "screenstub-fd",
 "tokio",
 "xcb",
]

[[package]]
name = "serde"
version = "1.0.159"
source = "registry+https://github.com/rust-lang/crates.io-index"
checksum = "3c04e8343c3daeec41f58990b9d77068df31209f2af111e059e9fe9646693065"
dependencies = [
 "serde_derive",
]

[[package]]
name = "serde-hex"
version = "0.1.0"
source = "registry+https://github.com/rust-lang/crates.io-index"
checksum = "ca37e3e4d1b39afd7ff11ee4e947efae85adfddf4841787bfa47c470e96dc26d"
dependencies = [
 "array-init",
 "serde",
 "smallvec 0.6.14",
]

[[package]]
name = "serde_derive"
version = "1.0.159"
source = "registry+https://github.com/rust-lang/crates.io-index"
checksum = "4c614d17805b093df4b147b51339e7e44bf05ef59fba1e45d83500bcfb4d8585"
dependencies = [
 "proc-macro2",
 "quote",
 "syn 2.0.13",
]

[[package]]
name = "serde_json"
version = "1.0.95"
source = "registry+https://github.com/rust-lang/crates.io-index"
checksum = "d721eca97ac802aa7777b701877c8004d950fc142651367300d21c1cc0194744"
dependencies = [
 "itoa",
 "ryu",
 "serde",
]

[[package]]
name = "serde_yaml"
version = "0.7.5"
source = "registry+https://github.com/rust-lang/crates.io-index"
checksum = "ef8099d3df28273c99a1728190c7a9f19d444c941044f64adf986bee7ec53051"
dependencies = [
 "dtoa",
 "linked-hash-map",
 "serde",
 "yaml-rust",
]

[[package]]
name = "serde_yaml"
version = "0.8.26"
source = "registry+https://github.com/rust-lang/crates.io-index"
checksum = "578a7433b776b56a35785ed5ce9a7e777ac0598aac5a6dd1b4b18a307c7fc71b"
dependencies = [
 "indexmap",
 "ryu",
 "serde",
 "yaml-rust",
]

[[package]]
name = "signal-hook-registry"
version = "1.4.1"
source = "registry+https://github.com/rust-lang/crates.io-index"
checksum = "d8229b473baa5980ac72ef434c4415e70c4b5e71b423043adb4ba059f89c99a1"
dependencies = [
 "libc",
]

[[package]]
name = "slab"
version = "0.4.8"
source = "registry+https://github.com/rust-lang/crates.io-index"
checksum = "6528351c9bc8ab22353f9d776db39a20288e8d6c37ef8cfe3317cf875eecfc2d"
dependencies = [
 "autocfg",
]

[[package]]
name = "smallvec"
version = "0.6.14"
source = "registry+https://github.com/rust-lang/crates.io-index"
checksum = "b97fcaeba89edba30f044a10c6a3cc39df9c3f17d7cd829dd1446cab35f890e0"
dependencies = [
 "maybe-uninit",
]

[[package]]
name = "smallvec"
version = "1.10.0"
source = "registry+https://github.com/rust-lang/crates.io-index"
checksum = "a507befe795404456341dfab10cef66ead4c041f62b8b11bbb92bffe5d0953e0"

[[package]]
name = "socket2"
version = "0.4.9"
source = "registry+https://github.com/rust-lang/crates.io-index"
checksum = "64a4a911eed85daf18834cfaa86a79b7d266ff93ff5ba14005426219480ed662"
dependencies = [
 "libc",
 "winapi",
]

[[package]]
name = "static_assertions"
version = "1.1.0"
source = "registry+https://github.com/rust-lang/crates.io-index"
checksum = "a2eb9349b6444b326872e140eb1cf5e7c522154d69e7a0ffb0fb81c06b37543f"

[[package]]
name = "strsim"
version = "0.10.0"
source = "registry+https://github.com/rust-lang/crates.io-index"
checksum = "73473c0e59e6d5812c5dfe2a064a6444949f089e20eec9a2e5506596494e4623"

[[package]]
name = "syn"
version = "1.0.109"
source = "registry+https://github.com/rust-lang/crates.io-index"
checksum = "72b64191b275b66ffe2469e8af2c1cfe3bafa67b529ead792a6d0160888b4237"
dependencies = [
 "proc-macro2",
 "quote",
 "unicode-ident",
]

[[package]]
name = "syn"
version = "2.0.13"
source = "registry+https://github.com/rust-lang/crates.io-index"
checksum = "4c9da457c5285ac1f936ebd076af6dac17a61cfe7826f2076b4d015cf47bc8ec"
dependencies = [
 "proc-macro2",
 "quote",
 "unicode-ident",
]

[[package]]
name = "termcolor"
version = "1.2.0"
source = "registry+https://github.com/rust-lang/crates.io-index"
checksum = "be55cf8942feac5c765c2c993422806843c9a9a45d4d5c407ad6dd2ea95eb9b6"
dependencies = [
 "winapi-util",
]

[[package]]
name = "thiserror"
version = "1.0.40"
source = "registry+https://github.com/rust-lang/crates.io-index"
checksum = "978c9a314bd8dc99be594bc3c175faaa9794be04a5a5e153caba6915336cebac"
dependencies = [
 "thiserror-impl",
]

[[package]]
name = "thiserror-impl"
version = "1.0.40"
source = "registry+https://github.com/rust-lang/crates.io-index"
checksum = "f9456a42c5b0d803c8cd86e73dd7cc9edd429499f37a3550d286d5e86720569f"
dependencies = [
 "proc-macro2",
 "quote",
 "syn 2.0.13",
]

[[package]]
name = "tokio"
version = "1.27.0"
source = "registry+https://github.com/rust-lang/crates.io-index"
checksum = "d0de47a4eecbe11f498978a9b29d792f0d2692d1dd003650c24c76510e3bc001"
dependencies = [
 "autocfg",
 "bytes",
 "libc",
 "mio",
 "num_cpus",
 "pin-project-lite",
 "signal-hook-registry",
 "socket2",
 "tokio-macros",
 "windows-sys 0.45.0",
]

[[package]]
name = "tokio-macros"
version = "2.0.0"
source = "registry+https://github.com/rust-lang/crates.io-index"
checksum = "61a573bdc87985e9d6ddeed1b3d864e8a302c847e40d647746df2f1de209d1ce"
dependencies = [
 "proc-macro2",
 "quote",
 "syn 2.0.13",
]

[[package]]
name = "tokio-util"
version = "0.7.7"
source = "registry+https://github.com/rust-lang/crates.io-index"
checksum = "5427d89453009325de0d8f342c9490009f76e999cb7672d77e46267448f7e6b2"
dependencies = [
 "bytes",
 "futures-core",
 "futures-sink",
 "pin-project-lite",
 "tokio",
 "tracing",
]

[[package]]
name = "tracing"
version = "0.1.37"
source = "registry+https://github.com/rust-lang/crates.io-index"
checksum = "8ce8c33a8d48bd45d624a6e523445fd21ec13d3653cd51f681abf67418f54eb8"
dependencies = [
 "cfg-if",
 "pin-project-lite",
 "tracing-core",
]

[[package]]
name = "tracing-core"
version = "0.1.30"
source = "registry+https://github.com/rust-lang/crates.io-index"
checksum = "24eb03ba0eab1fd845050058ce5e616558e8f8d8fca633e6b163fe25c797213a"
dependencies = [
 "once_cell",
]

[[package]]
name = "udev"
version = "0.2.0"
source = "registry+https://github.com/rust-lang/crates.io-index"
checksum = "47504d1a49b2ea1b133e7ddd1d9f0a83cf03feb9b440c2c470d06db4589cf301"
dependencies = [
 "libc",
 "libudev-sys",
]

[[package]]
name = "unicode-ident"
version = "1.0.8"
source = "registry+https://github.com/rust-lang/crates.io-index"
checksum = "e5464a87b239f13a63a501f2701565754bae92d243d4bb7eb12f6d57d2269bf4"

[[package]]
name = "uninitialized"
version = "0.0.2"
source = "registry+https://github.com/rust-lang/crates.io-index"
checksum = "74c1aa4511c38276c548406f0b1f5f8b793f000cfb51e18f278a102abd057e81"

[[package]]
name = "utf8parse"
version = "0.2.1"
source = "registry+https://github.com/rust-lang/crates.io-index"
checksum = "711b9620af191e0cdc7468a8d14e709c3dcdb115b36f838e601583af800a370a"

[[package]]
name = "void"
version = "1.0.2"
source = "registry+https://github.com/rust-lang/crates.io-index"
checksum = "6a02e4885ed3bc0f2de90ea6dd45ebcbb66dacffe03547fadbb0eeae2770887d"

[[package]]
name = "wasi"
version = "0.11.0+wasi-snapshot-preview1"
source = "registry+https://github.com/rust-lang/crates.io-index"
checksum = "9c8d87e72b64a3b4db28d11ce29237c246188f4f51057d65a7eab63b7987e423"

[[package]]
name = "widestring"
version = "1.0.2"
source = "registry+https://github.com/rust-lang/crates.io-index"
checksum = "653f141f39ec16bba3c5abe400a0c60da7468261cc2cbf36805022876bc721a8"

[[package]]
name = "winapi"
version = "0.3.9"
source = "registry+https://github.com/rust-lang/crates.io-index"
checksum = "5c839a674fcd7a98952e593242ea400abe93992746761e38641405d28b00f419"
dependencies = [
 "winapi-i686-pc-windows-gnu",
 "winapi-x86_64-pc-windows-gnu",
]

[[package]]
name = "winapi-i686-pc-windows-gnu"
version = "0.4.0"
source = "registry+https://github.com/rust-lang/crates.io-index"
checksum = "ac3b87c63620426dd9b991e5ce0329eff545bccbbb34f3be09ff6fb6ab51b7b6"

[[package]]
name = "winapi-util"
version = "0.1.5"
source = "registry+https://github.com/rust-lang/crates.io-index"
checksum = "70ec6ce85bb158151cae5e5c87f95a8e97d2c0c4b001223f33a334e3ce5de178"
dependencies = [
 "winapi",
]

[[package]]
name = "winapi-x86_64-pc-windows-gnu"
version = "0.4.0"
source = "registry+https://github.com/rust-lang/crates.io-index"
checksum = "712e227841d057c1ee1cd2fb22fa7e5a5461ae8e48fa2ca79ec42cfc1931183f"

[[package]]
name = "windows-sys"
version = "0.45.0"
source = "registry+https://github.com/rust-lang/crates.io-index"
checksum = "75283be5efb2831d37ea142365f009c02ec203cd29a3ebecbc093d52315b66d0"
dependencies = [
 "windows-targets 0.42.2",
]

[[package]]
name = "windows-sys"
version = "0.48.0"
source = "registry+https://github.com/rust-lang/crates.io-index"
checksum = "677d2418bec65e3338edb076e806bc1ec15693c5d0104683f2efe857f61056a9"
dependencies = [
 "windows-targets 0.48.0",
]

[[package]]
name = "windows-targets"
version = "0.42.2"
source = "registry+https://github.com/rust-lang/crates.io-index"
checksum = "8e5180c00cd44c9b1c88adb3693291f1cd93605ded80c250a75d472756b4d071"
dependencies = [
 "windows_aarch64_gnullvm 0.42.2",
 "windows_aarch64_msvc 0.42.2",
 "windows_i686_gnu 0.42.2",
 "windows_i686_msvc 0.42.2",
 "windows_x86_64_gnu 0.42.2",
 "windows_x86_64_gnullvm 0.42.2",
 "windows_x86_64_msvc 0.42.2",
]

[[package]]
name = "windows-targets"
version = "0.48.0"
source = "registry+https://github.com/rust-lang/crates.io-index"
checksum = "7b1eb6f0cd7c80c79759c929114ef071b87354ce476d9d94271031c0497adfd5"
dependencies = [
 "windows_aarch64_gnullvm 0.48.0",
 "windows_aarch64_msvc 0.48.0",
 "windows_i686_gnu 0.48.0",
 "windows_i686_msvc 0.48.0",
 "windows_x86_64_gnu 0.48.0",
 "windows_x86_64_gnullvm 0.48.0",
 "windows_x86_64_msvc 0.48.0",
]

[[package]]
name = "windows_aarch64_gnullvm"
version = "0.42.2"
source = "registry+https://github.com/rust-lang/crates.io-index"
checksum = "597a5118570b68bc08d8d59125332c54f1ba9d9adeedeef5b99b02ba2b0698f8"

[[package]]
name = "windows_aarch64_gnullvm"
version = "0.48.0"
source = "registry+https://github.com/rust-lang/crates.io-index"
checksum = "91ae572e1b79dba883e0d315474df7305d12f569b400fcf90581b06062f7e1bc"

[[package]]
name = "windows_aarch64_msvc"
version = "0.42.2"
source = "registry+https://github.com/rust-lang/crates.io-index"
checksum = "e08e8864a60f06ef0d0ff4ba04124db8b0fb3be5776a5cd47641e942e58c4d43"

[[package]]
name = "windows_aarch64_msvc"
version = "0.48.0"
source = "registry+https://github.com/rust-lang/crates.io-index"
checksum = "b2ef27e0d7bdfcfc7b868b317c1d32c641a6fe4629c171b8928c7b08d98d7cf3"

[[package]]
name = "windows_i686_gnu"
version = "0.42.2"
source = "registry+https://github.com/rust-lang/crates.io-index"
checksum = "c61d927d8da41da96a81f029489353e68739737d3beca43145c8afec9a31a84f"

[[package]]
name = "windows_i686_gnu"
version = "0.48.0"
source = "registry+https://github.com/rust-lang/crates.io-index"
checksum = "622a1962a7db830d6fd0a69683c80a18fda201879f0f447f065a3b7467daa241"

[[package]]
name = "windows_i686_msvc"
version = "0.42.2"
source = "registry+https://github.com/rust-lang/crates.io-index"
checksum = "44d840b6ec649f480a41c8d80f9c65108b92d89345dd94027bfe06ac444d1060"

[[package]]
name = "windows_i686_msvc"
version = "0.48.0"
source = "registry+https://github.com/rust-lang/crates.io-index"
checksum = "4542c6e364ce21bf45d69fdd2a8e455fa38d316158cfd43b3ac1c5b1b19f8e00"

[[package]]
name = "windows_x86_64_gnu"
version = "0.42.2"
source = "registry+https://github.com/rust-lang/crates.io-index"
checksum = "8de912b8b8feb55c064867cf047dda097f92d51efad5b491dfb98f6bbb70cb36"

[[package]]
name = "windows_x86_64_gnu"
version = "0.48.0"
source = "registry+https://github.com/rust-lang/crates.io-index"
checksum = "ca2b8a661f7628cbd23440e50b05d705db3686f894fc9580820623656af974b1"

[[package]]
name = "windows_x86_64_gnullvm"
version = "0.42.2"
source = "registry+https://github.com/rust-lang/crates.io-index"
checksum = "26d41b46a36d453748aedef1486d5c7a85db22e56aff34643984ea85514e94a3"

[[package]]
name = "windows_x86_64_gnullvm"
version = "0.48.0"
source = "registry+https://github.com/rust-lang/crates.io-index"
checksum = "7896dbc1f41e08872e9d5e8f8baa8fdd2677f29468c4e156210174edc7f7b953"

[[package]]
name = "windows_x86_64_msvc"
version = "0.42.2"
source = "registry+https://github.com/rust-lang/crates.io-index"
checksum = "9aec5da331524158c6d1a4ac0ab1541149c0b9505fde06423b02f5ef0106b9f0"

[[package]]
name = "windows_x86_64_msvc"
version = "0.48.0"
source = "registry+https://github.com/rust-lang/crates.io-index"
checksum = "1a515f5799fe4961cb532f983ce2b23082366b898e52ffbce459c86f67c8378a"

[[package]]
name = "xcb"
version = "0.9.0"
source = "registry+https://github.com/rust-lang/crates.io-index"
checksum = "62056f63138b39116f82a540c983cc11f1c90cd70b3d492a70c25eaa50bd22a6"
dependencies = [
 "libc",
 "log",
]

[[package]]
name = "yaml-rust"
version = "0.4.5"
source = "registry+https://github.com/rust-lang/crates.io-index"
checksum = "56c1936c4cc7a1c9ab21a1ebb602eb942ba868cbd44a99cb7cdc5892335e1c85"
dependencies = [
 "linked-hash-map",
]
